
Microsoft Visual Studio Solution File, Format Version 12.00
# Visual Studio Version 17
VisualStudioVersion = 17.6.33801.468
MinimumVisualStudioVersion = 10.0.40219.1
Project("{FAE04EC0-301F-11D3-BF4B-00C04F79EFBC}") = "TestsUnitairesPourServices", "TestsUnitairesPourServices\TestsUnitairesPourServices.csproj", "{3307D1C1-9C91-490B-9EE2-2FDACFE8E205}"
EndProject
Project("{FAE04EC0-301F-11D3-BF4B-00C04F79EFBC}") = "TestsUnitairesPourServicesTests", "TestsUnitairesPourServicesTests\TestsUnitairesPourServicesTests.csproj", "{FEC57B19-D612-4BE7-B100-19DD7FF62A55}"
EndProject
Global
	GlobalSection(SolutionConfigurationPlatforms) = preSolution
		Debug|Any CPU = Debug|Any CPU
		Release|Any CPU = Release|Any CPU
	EndGlobalSection
	GlobalSection(ProjectConfigurationPlatforms) = postSolution
		{3307D1C1-9C91-490B-9EE2-2FDACFE8E205}.Debug|Any CPU.ActiveCfg = Debug|Any CPU
		{3307D1C1-9C91-490B-9EE2-2FDACFE8E205}.Debug|Any CPU.Build.0 = Debug|Any CPU
		{3307D1C1-9C91-490B-9EE2-2FDACFE8E205}.Release|Any CPU.ActiveCfg = Release|Any CPU
		{3307D1C1-9C91-490B-9EE2-2FDACFE8E205}.Release|Any CPU.Build.0 = Release|Any CPU
		{FEC57B19-D612-4BE7-B100-19DD7FF62A55}.Debug|Any CPU.ActiveCfg = Debug|Any CPU
		{FEC57B19-D612-4BE7-B100-19DD7FF62A55}.Debug|Any CPU.Build.0 = Debug|Any CPU
		{FEC57B19-D612-4BE7-B100-19DD7FF62A55}.Release|Any CPU.ActiveCfg = Release|Any CPU
		{FEC57B19-D612-4BE7-B100-19DD7FF62A55}.Release|Any CPU.Build.0 = Release|Any CPU
	EndGlobalSection
	GlobalSection(SolutionProperties) = preSolution
		HideSolutionNode = FALSE
	EndGlobalSection
	GlobalSection(ExtensibilityGlobals) = postSolution
		SolutionGuid = {1520ADAC-C1A0-4F22-B57E-0A6E31122C6B}
	EndGlobalSection
EndGlobal
